
Microsoft Visual Studio Solution File, Format Version 12.00
# Visual Studio Version 17
VisualStudioVersion = 17.10.34916.146
MinimumVisualStudioVersion = 10.0.40219.1
Project("{9A19103F-16F7-4668-BE54-9A1E7A4F7556}") = "SecondChair.Api", "SecondChair.Api.csproj", "{3942D587-0573-41B9-A68B-E50C7684EB74}"
EndProject
Project("{FAE04EC0-301F-11D3-BF4B-00C04F79EFBC}") = "SecondChair.Tests", "..\SecondChair.Tests\SecondChair.Tests.csproj", "{B36C4BE2-FFC6-4AD8-9B29-C295D93B5E9C}"
EndProject
Global
	GlobalSection(SolutionConfigurationPlatforms) = preSolution
		Debug|Any CPU = Debug|Any CPU
		Release|Any CPU = Release|Any CPU
	EndGlobalSection
	GlobalSection(ProjectConfigurationPlatforms) = postSolution
		{3942D587-0573-41B9-A68B-E50C7684EB74}.Debug|Any CPU.ActiveCfg = Debug|Any CPU
		{3942D587-0573-41B9-A68B-E50C7684EB74}.Debug|Any CPU.Build.0 = Debug|Any CPU
		{3942D587-0573-41B9-A68B-E50C7684EB74}.Release|Any CPU.ActiveCfg = Release|Any CPU
		{3942D587-0573-41B9-A68B-E50C7684EB74}.Release|Any CPU.Build.0 = Release|Any CPU
		{B36C4BE2-FFC6-4AD8-9B29-C295D93B5E9C}.Debug|Any CPU.ActiveCfg = Debug|Any CPU
		{B36C4BE2-FFC6-4AD8-9B29-C295D93B5E9C}.Debug|Any CPU.Build.0 = Debug|Any CPU
		{B36C4BE2-FFC6-4AD8-9B29-C295D93B5E9C}.Release|Any CPU.ActiveCfg = Release|Any CPU
		{B36C4BE2-FFC6-4AD8-9B29-C295D93B5E9C}.Release|Any CPU.Build.0 = Release|Any CPU
	EndGlobalSection
	GlobalSection(SolutionProperties) = preSolution
		HideSolutionNode = FALSE
	EndGlobalSection
	GlobalSection(ExtensibilityGlobals) = postSolution
		SolutionGuid = {6E52B38C-E0B3-4BF7-829B-57BB986BAC30}
	EndGlobalSection
EndGlobal
